
Microsoft Visual Studio Solution File, Format Version 12.00
# Visual Studio Version 17
VisualStudioVersion = 17.0.31903.59
MinimumVisualStudioVersion = 10.0.40219.1
Project("{FAE04EC0-301F-11D3-BF4B-00C04F79EFBC}") = "Day01", "Day01\Day01.csproj", "{DB153ED7-FDB4-46F6-862A-37534A037CC6}"
EndProject
Project("{FAE04EC0-301F-11D3-BF4B-00C04F79EFBC}") = "AufgabenTests", "AufgabenTests\AufgabenTests.csproj", "{1855D023-E5C0-4E49-A34D-9FCB54E1A8AB}"
EndProject
Project("{F2A71F9B-5D33-465A-A702-920D77279786}") = "Day01Fs", "Fsharp\Day01\Day01Fs.fsproj", "{CDA0B02B-4332-4041-9D41-2788534184B9}"
EndProject
Project("{FAE04EC0-301F-11D3-BF4B-00C04F79EFBC}") = "Day02", "Day02\Day02.csproj", "{1880BFCA-7B3D-415B-99F3-2F37D636855B}"
EndProject
Project("{2150E333-8FDC-42A3-9474-1A3956D46DE8}") = "Fsharp", "Fsharp", "{B96F7284-4F1E-4D36-BEDF-D46E1364528E}"
EndProject
Project("{F2A71F9B-5D33-465A-A702-920D77279786}") = "Day02Fs", "Fsharp\Day02\Day02Fs.fsproj", "{188665B7-C783-4FD0-A487-9DE961E19A2C}"
EndProject
Project("{FAE04EC0-301F-11D3-BF4B-00C04F79EFBC}") = "Day03", "Day03\Day03.csproj", "{A01E1D8F-C47C-4B17-B974-8D93FAA21344}"
EndProject
Project("{F2A71F9B-5D33-465A-A702-920D77279786}") = "Day03Fs", "Fsharp\Day03\Day03Fs.fsproj", "{A0197E53-1796-4DDA-BBF9-423729CEDF97}"
EndProject
Global
	GlobalSection(SolutionConfigurationPlatforms) = preSolution
		Debug|Any CPU = Debug|Any CPU
		Release|Any CPU = Release|Any CPU
	EndGlobalSection
	GlobalSection(SolutionProperties) = preSolution
		HideSolutionNode = FALSE
	EndGlobalSection
	GlobalSection(ProjectConfigurationPlatforms) = postSolution
		{DB153ED7-FDB4-46F6-862A-37534A037CC6}.Debug|Any CPU.ActiveCfg = Debug|Any CPU
		{DB153ED7-FDB4-46F6-862A-37534A037CC6}.Debug|Any CPU.Build.0 = Debug|Any CPU
		{DB153ED7-FDB4-46F6-862A-37534A037CC6}.Release|Any CPU.ActiveCfg = Release|Any CPU
		{DB153ED7-FDB4-46F6-862A-37534A037CC6}.Release|Any CPU.Build.0 = Release|Any CPU
		{1855D023-E5C0-4E49-A34D-9FCB54E1A8AB}.Debug|Any CPU.ActiveCfg = Debug|Any CPU
		{1855D023-E5C0-4E49-A34D-9FCB54E1A8AB}.Debug|Any CPU.Build.0 = Debug|Any CPU
		{1855D023-E5C0-4E49-A34D-9FCB54E1A8AB}.Release|Any CPU.ActiveCfg = Release|Any CPU
		{1855D023-E5C0-4E49-A34D-9FCB54E1A8AB}.Release|Any CPU.Build.0 = Release|Any CPU
		{CDA0B02B-4332-4041-9D41-2788534184B9}.Debug|Any CPU.ActiveCfg = Debug|Any CPU
		{CDA0B02B-4332-4041-9D41-2788534184B9}.Debug|Any CPU.Build.0 = Debug|Any CPU
		{CDA0B02B-4332-4041-9D41-2788534184B9}.Release|Any CPU.ActiveCfg = Release|Any CPU
		{CDA0B02B-4332-4041-9D41-2788534184B9}.Release|Any CPU.Build.0 = Release|Any CPU
		{1880BFCA-7B3D-415B-99F3-2F37D636855B}.Debug|Any CPU.ActiveCfg = Debug|Any CPU
		{1880BFCA-7B3D-415B-99F3-2F37D636855B}.Debug|Any CPU.Build.0 = Debug|Any CPU
		{1880BFCA-7B3D-415B-99F3-2F37D636855B}.Release|Any CPU.ActiveCfg = Release|Any CPU
		{1880BFCA-7B3D-415B-99F3-2F37D636855B}.Release|Any CPU.Build.0 = Release|Any CPU
		{188665B7-C783-4FD0-A487-9DE961E19A2C}.Debug|Any CPU.ActiveCfg = Debug|Any CPU
		{188665B7-C783-4FD0-A487-9DE961E19A2C}.Debug|Any CPU.Build.0 = Debug|Any CPU
		{188665B7-C783-4FD0-A487-9DE961E19A2C}.Release|Any CPU.ActiveCfg = Release|Any CPU
		{188665B7-C783-4FD0-A487-9DE961E19A2C}.Release|Any CPU.Build.0 = Release|Any CPU
		{A01E1D8F-C47C-4B17-B974-8D93FAA21344}.Debug|Any CPU.ActiveCfg = Debug|Any CPU
		{A01E1D8F-C47C-4B17-B974-8D93FAA21344}.Debug|Any CPU.Build.0 = Debug|Any CPU
		{A01E1D8F-C47C-4B17-B974-8D93FAA21344}.Release|Any CPU.ActiveCfg = Release|Any CPU
		{A01E1D8F-C47C-4B17-B974-8D93FAA21344}.Release|Any CPU.Build.0 = Release|Any CPU
		{A0197E53-1796-4DDA-BBF9-423729CEDF97}.Debug|Any CPU.ActiveCfg = Debug|Any CPU
		{A0197E53-1796-4DDA-BBF9-423729CEDF97}.Debug|Any CPU.Build.0 = Debug|Any CPU
		{A0197E53-1796-4DDA-BBF9-423729CEDF97}.Release|Any CPU.ActiveCfg = Release|Any CPU
		{A0197E53-1796-4DDA-BBF9-423729CEDF97}.Release|Any CPU.Build.0 = Release|Any CPU
	EndGlobalSection
	GlobalSection(NestedProjects) = preSolution
		{188665B7-C783-4FD0-A487-9DE961E19A2C} = {B96F7284-4F1E-4D36-BEDF-D46E1364528E}
		{A0197E53-1796-4DDA-BBF9-423729CEDF97} = {B96F7284-4F1E-4D36-BEDF-D46E1364528E}
	EndGlobalSection
EndGlobal
